
Microsoft Visual Studio Solution File, Format Version 12.00
# Visual Studio 15
Project("{FAE04EC0-301F-11D3-BF4B-00C04F79EFBC}") = "GroceryStore", "GroceryStore\GroceryStore.csproj", "{1DBC9F2B-A7F1-4A22-8C95-1C5D444ADF6D}"
EndProject
Global
	GlobalSection(SolutionConfigurationPlatforms) = preSolution
		Debug|Any CPU = Debug|Any CPU
		Release|Any CPU = Release|Any CPU
	EndGlobalSection
	GlobalSection(ProjectConfigurationPlatforms) = postSolution
		{1DBC9F2B-A7F1-4A22-8C95-1C5D444ADF6D}.Debug|Any CPU.ActiveCfg = Debug|Any CPU
		{1DBC9F2B-A7F1-4A22-8C95-1C5D444ADF6D}.Debug|Any CPU.Build.0 = Debug|Any CPU
		{1DBC9F2B-A7F1-4A22-8C95-1C5D444ADF6D}.Release|Any CPU.ActiveCfg = Release|Any CPU
		{1DBC9F2B-A7F1-4A22-8C95-1C5D444ADF6D}.Release|Any CPU.Build.0 = Release|Any CPU
	EndGlobalSection
EndGlobal
